// !$*UTF8*$!
{
	archiveVersion = 1;
	classes = {
	};
	objectVersion = 50;
	objects = {

/* Begin PBXBuildFile section */
		D050F3DF234DBDD5005F2D48 /* AppDelegate.swift in Sources */ = {isa = PBXBuildFile; fileRef = D050F3DE234DBDD5005F2D48 /* AppDelegate.swift */; };
		D050F3E1234DBDD5005F2D48 /* SceneDelegate.swift in Sources */ = {isa = PBXBuildFile; fileRef = D050F3E0234DBDD5005F2D48 /* SceneDelegate.swift */; };
		D050F3E3234DBDD5005F2D48 /* ContentView.swift in Sources */ = {isa = PBXBuildFile; fileRef = D050F3E2234DBDD5005F2D48 /* ContentView.swift */; };
		D050F3E5234DBDD7005F2D48 /* Assets.xcassets in Resources */ = {isa = PBXBuildFile; fileRef = D050F3E4234DBDD7005F2D48 /* Assets.xcassets */; };
		D050F3E8234DBDD7005F2D48 /* Preview Assets.xcassets in Resources */ = {isa = PBXBuildFile; fileRef = D050F3E7234DBDD7005F2D48 /* Preview Assets.xcassets */; };
		D050F3EB234DBDD7005F2D48 /* LaunchScreen.storyboard in Resources */ = {isa = PBXBuildFile; fileRef = D050F3E9234DBDD7005F2D48 /* LaunchScreen.storyboard */; };
		D050F3F6234DBDD7005F2D48 /* WeSplitTests.swift in Sources */ = {isa = PBXBuildFile; fileRef = D050F3F5234DBDD7005F2D48 /* WeSplitTests.swift */; };
/* End PBXBuildFile section */

/* Begin PBXContainerItemProxy section */
		D050F3F2234DBDD7005F2D48 /* PBXContainerItemProxy */ = {
			isa = PBXContainerItemProxy;
			containerPortal = D050F3D3234DBDD5005F2D48 /* Project object */;
			proxyType = 1;
			remoteGlobalIDString = D050F3DA234DBDD5005F2D48;
			remoteInfo = WeSplit;
		};
/* End PBXContainerItemProxy section */

/* Begin PBXFileReference section */
		D050F3DB234DBDD5005F2D48 /* WeSplit.app */ = {isa = PBXFileReference; explicitFileType = wrapper.application; includeInIndex = 0; path = WeSplit.app; sourceTree = BUILT_PRODUCTS_DIR; };
		D050F3DE234DBDD5005F2D48 /* AppDelegate.swift */ = {isa = PBXFileReference; lastKnownFileType = sourcecode.swift; path = AppDelegate.swift; sourceTree = "<group>"; };
		D050F3E0234DBDD5005F2D48 /* SceneDelegate.swift */ = {isa = PBXFileReference; lastKnownFileType = sourcecode.swift; path = SceneDelegate.swift; sourceTree = "<group>"; };
		D050F3E2234DBDD5005F2D48 /* ContentView.swift */ = {isa = PBXFileReference; lastKnownFileType = sourcecode.swift; path = ContentView.swift; sourceTree = "<group>"; };
		D050F3E4234DBDD7005F2D48 /* Assets.xcassets */ = {isa = PBXFileReference; lastKnownFileType = folder.assetcatalog; path = Assets.xcassets; sourceTree = "<group>"; };
		D050F3E7234DBDD7005F2D48 /* Preview Assets.xcassets */ = {isa = PBXFileReference; lastKnownFileType = folder.assetcatalog; path = "Preview Assets.xcassets"; sourceTree = "<group>"; };
		D050F3EA234DBDD7005F2D48 /* Base */ = {isa = PBXFileReference; lastKnownFileType = file.storyboard; name = Base; path = Base.lproj/LaunchScreen.storyboard; sourceTree = "<group>"; };
		D050F3EC234DBDD7005F2D48 /* Info.plist */ = {isa = PBXFileReference; lastKnownFileType = text.plist.xml; path = Info.plist; sourceTree = "<group>"; };
		D050F3F1234DBDD7005F2D48 /* WeSplitTests.xctest */ = {isa = PBXFileReference; explicitFileType = wrapper.cfbundle; includeInIndex = 0; path = WeSplitTests.xctest; sourceTree = BUILT_PRODUCTS_DIR; };
		D050F3F5234DBDD7005F2D48 /* WeSplitTests.swift */ = {isa = PBXFileReference; lastKnownFileType = sourcecode.swift; path = WeSplitTests.swift; sourceTree = "<group>"; };
		D050F3F7234DBDD7005F2D48 /* Info.plist */ = {isa = PBXFileReference; lastKnownFileType = text.plist.xml; path = Info.plist; sourceTree = "<group>"; };
/* End PBXFileReference section */

/* Begin PBXFrameworksBuildPhase section */
		D050F3D8234DBDD5005F2D48 /* Frameworks */ = {
			isa = PBXFrameworksBuildPhase;
			buildActionMask = 2147483647;
			files = (
			);
			runOnlyForDeploymentPostprocessing = 0;
		};
		D050F3EE234DBDD7005F2D48 /* Frameworks */ = {
			isa = PBXFrameworksBuildPhase;
			buildActionMask = 2147483647;
			files = (
			);
			runOnlyForDeploymentPostprocessing = 0;
		};
/* End PBXFrameworksBuildPhase section */

/* Begin PBXGroup section */
		D050F3D2234DBDD5005F2D48 = {
			isa = PBXGroup;
			children = (
				D050F3DD234DBDD5005F2D48 /* WeSplit */,
				D050F3F4234DBDD7005F2D48 /* WeSplitTests */,
				D050F3DC234DBDD5005F2D48 /* Products */,
			);
			sourceTree = "<group>";
		};
		D050F3DC234DBDD5005F2D48 /* Products */ = {
			isa = PBXGroup;
			children = (
				D050F3DB234DBDD5005F2D48 /* WeSplit.app */,
				D050F3F1234DBDD7005F2D48 /* WeSplitTests.xctest */,
			);
			name = Products;
			sourceTree = "<group>";
		};
		D050F3DD234DBDD5005F2D48 /* WeSplit */ = {
			isa = PBXGroup;
			children = (
				D050F3DE234DBDD5005F2D48 /* AppDelegate.swift */,
				D050F3E0234DBDD5005F2D48 /* SceneDelegate.swift */,
				D050F3E2234DBDD5005F2D48 /* ContentView.swift */,
				D050F3E4234DBDD7005F2D48 /* Assets.xcassets */,
				D050F3E9234DBDD7005F2D48 /* LaunchScreen.storyboard */,
				D050F3EC234DBDD7005F2D48 /* Info.plist */,
				D050F3E6234DBDD7005F2D48 /* Preview Content */,
			);
			path = WeSplit;
			sourceTree = "<group>";
		};
		D050F3E6234DBDD7005F2D48 /* Preview Content */ = {
			isa = PBXGroup;
			children = (
				D050F3E7234DBDD7005F2D48 /* Preview Assets.xcassets */,
			);
			path = "Preview Content";
			sourceTree = "<group>";
		};
		D050F3F4234DBDD7005F2D48 /* WeSplitTests */ = {
			isa = PBXGroup;
			children = (
				D050F3F5234DBDD7005F2D48 /* WeSplitTests.swift */,
				D050F3F7234DBDD7005F2D48 /* Info.plist */,
			);
			path = WeSplitTests;
			sourceTree = "<group>";
		};
/* End PBXGroup section */

/* Begin PBXNativeTarget section */
		D050F3DA234DBDD5005F2D48 /* WeSplit */ = {
			isa = PBXNativeTarget;
			buildConfigurationList = D050F3FA234DBDD7005F2D48 /* Build configuration list for PBXNativeTarget "WeSplit" */;
			buildPhases = (
				D050F3D7234DBDD5005F2D48 /* Sources */,
				D050F3D8234DBDD5005F2D48 /* Frameworks */,
				D050F3D9234DBDD5005F2D48 /* Resources */,
			);
			buildRules = (
			);
			dependencies = (
			);
			name = WeSplit;
			productName = WeSplit;
			productReference = D050F3DB234DBDD5005F2D48 /* WeSplit.app */;
			productType = "com.apple.product-type.application";
		};
		D050F3F0234DBDD7005F2D48 /* WeSplitTests */ = {
			isa = PBXNativeTarget;
			buildConfigurationList = D050F3FD234DBDD7005F2D48 /* Build configuration list for PBXNativeTarget "WeSplitTests" */;
			buildPhases = (
				D050F3ED234DBDD7005F2D48 /* Sources */,
				D050F3EE234DBDD7005F2D48 /* Frameworks */,
				D050F3EF234DBDD7005F2D48 /* Resources */,
			);
			buildRules = (
			);
			dependencies = (
				D050F3F3234DBDD7005F2D48 /* PBXTargetDependency */,
			);
			name = WeSplitTests;
			productName = WeSplitTests;
			productReference = D050F3F1234DBDD7005F2D48 /* WeSplitTests.xctest */;
			productType = "com.apple.product-type.bundle.unit-test";
		};
/* End PBXNativeTarget section */

/* Begin PBXProject section */
		D050F3D3234DBDD5005F2D48 /* Project object */ = {
			isa = PBXProject;
			attributes = {
				LastSwiftUpdateCheck = 1100;
				LastUpgradeCheck = 1100;
				ORGANIZATIONNAME = "Peter Barclay";
				TargetAttributes = {
					D050F3DA234DBDD5005F2D48 = {
						CreatedOnToolsVersion = 11.0;
					};
					D050F3F0234DBDD7005F2D48 = {
						CreatedOnToolsVersion = 11.0;
						TestTargetID = D050F3DA234DBDD5005F2D48;
					};
				};
			};
			buildConfigurationList = D050F3D6234DBDD5005F2D48 /* Build configuration list for PBXProject "WeSplit" */;
			compatibilityVersion = "Xcode 9.3";
			developmentRegion = en;
			hasScannedForEncodings = 0;
			knownRegions = (
				en,
				Base,
			);
			mainGroup = D050F3D2234DBDD5005F2D48;
			productRefGroup = D050F3DC234DBDD5005F2D48 /* Products */;
			projectDirPath = "";
			projectRoot = "";
			targets = (
				D050F3DA234DBDD5005F2D48 /* WeSplit */,
				D050F3F0234DBDD7005F2D48 /* WeSplitTests */,
			);
		};
/* End PBXProject section */

/* Begin PBXResourcesBuildPhase section */
		D050F3D9234DBDD5005F2D48 /* Resources */ = {
			isa = PBXResourcesBuildPhase;
			buildActionMask = 2147483647;
			files = (
				D050F3EB234DBDD7005F2D48 /* LaunchScreen.storyboard in Resources */,
				D050F3E8234DBDD7005F2D48 /* Preview Assets.xcassets in Resources */,
				D050F3E5234DBDD7005F2D48 /* Assets.xcassets in Resources */,
			);
			runOnlyForDeploymentPostprocessing = 0;
		};
		D050F3EF234DBDD7005F2D48 /* Resources */ = {
			isa = PBXResourcesBuildPhase;
			buildActionMask = 2147483647;
			files = (
			);
			runOnlyForDeploymentPostprocessing = 0;
		};
/* End PBXResourcesBuildPhase section */

/* Begin PBXSourcesBuildPhase section */
		D050F3D7234DBDD5005F2D48 /* Sources */ = {
			isa = PBXSourcesBuildPhase;
			buildActionMask = 2147483647;
			files = (
				D050F3DF234DBDD5005F2D48 /* AppDelegate.swift in Sources */,
				D050F3E1234DBDD5005F2D48 /* SceneDelegate.swift in Sources */,
				D050F3E3234DBDD5005F2D48 /* ContentView.swift in Sources */,
			);
			runOnlyForDeploymentPostprocessing = 0;
		};
		D050F3ED234DBDD7005F2D48 /* Sources */ = {
			isa = PBXSourcesBuildPhase;
			buildActionMask = 2147483647;
			files = (
				D050F3F6234DBDD7005F2D48 /* WeSplitTests.swift in Sources */,
			);
			runOnlyForDeploymentPostprocessing = 0;
		};
/* End PBXSourcesBuildPhase section */

/* Begin PBXTargetDependency section */
		D050F3F3234DBDD7005F2D48 /* PBXTargetDependency */ = {
			isa = PBXTargetDependency;
			target = D050F3DA234DBDD5005F2D48 /* WeSplit */;
			targetProxy = D050F3F2234DBDD7005F2D48 /* PBXContainerItemProxy */;
		};
/* End PBXTargetDependency section */

/* Begin PBXVariantGroup section */
		D050F3E9234DBDD7005F2D48 /* LaunchScreen.storyboard */ = {
			isa = PBXVariantGroup;
			children = (
				D050F3EA234DBDD7005F2D48 /* Base */,
			);
			name = LaunchScreen.storyboard;
			sourceTree = "<group>";
		};
/* End PBXVariantGroup section */

/* Begin XCBuildConfiguration section */
		D050F3F8234DBDD7005F2D48 /* Debug */ = {
			isa = XCBuildConfiguration;
			buildSettings = {
				ALWAYS_SEARCH_USER_PATHS = NO;
				CLANG_ANALYZER_NONNULL = YES;
				CLANG_ANALYZER_NUMBER_OBJECT_CONVERSION = YES_AGGRESSIVE;
				CLANG_CXX_LANGUAGE_STANDARD = "gnu++14";
				CLANG_CXX_LIBRARY = "libc++";
				CLANG_ENABLE_MODULES = YES;
				CLANG_ENABLE_OBJC_ARC = YES;
				CLANG_ENABLE_OBJC_WEAK = YES;
				CLANG_WARN_BLOCK_CAPTURE_AUTORELEASING = YES;
				CLANG_WARN_BOOL_CONVERSION = YES;
				CLANG_WARN_COMMA = YES;
				CLANG_WARN_CONSTANT_CONVERSION = YES;
				CLANG_WARN_DEPRECATED_OBJC_IMPLEMENTATIONS = YES;
				CLANG_WARN_DIRECT_OBJC_ISA_USAGE = YES_ERROR;
				CLANG_WARN_DOCUMENTATION_COMMENTS = YES;
				CLANG_WARN_EMPTY_BODY = YES;
				CLANG_WARN_ENUM_CONVERSION = YES;
				CLANG_WARN_INFINITE_RECURSION = YES;
				CLANG_WARN_INT_CONVERSION = YES;
				CLANG_WARN_NON_LITERAL_NULL_CONVERSION = YES;
				CLANG_WARN_OBJC_IMPLICIT_RETAIN_SELF = YES;
				CLANG_WARN_OBJC_LITERAL_CONVERSION = YES;
				CLANG_WARN_OBJC_ROOT_CLASS = YES_ERROR;
				CLANG_WARN_RANGE_LOOP_ANALYSIS = YES;
				CLANG_WARN_STRICT_PROTOTYPES = YES;
				CLANG_WARN_SUSPICIOUS_MOVE = YES;
				CLANG_WARN_UNGUARDED_AVAILABILITY = YES_AGGRESSIVE;
				CLANG_WARN_UNREACHABLE_CODE = YES;
				CLANG_WARN__DUPLICATE_METHOD_MATCH = YES;
				COPY_PHASE_STRIP = NO;
				DEBUG_INFORMATION_FORMAT = dwarf;
				ENABLE_STRICT_OBJC_MSGSEND = YES;
				ENABLE_TESTABILITY = YES;
				GCC_C_LANGUAGE_STANDARD = gnu11;
				GCC_DYNAMIC_NO_PIC = NO;
				GCC_NO_COMMON_BLOCKS = YES;
				GCC_OPTIMIZATION_LEVEL = 0;
				GCC_PREPROCESSOR_DEFINITIONS = (
					"DEBUG=1",
					"$(inherited)",
				);
				GCC_WARN_64_TO_32_BIT_CONVERSION = YES;
				GCC_WARN_ABOUT_RETURN_TYPE = YES_ERROR;
				GCC_WARN_UNDECLARED_SELECTOR = YES;
				GCC_WARN_UNINITIALIZED_AUTOS = YES_AGGRESSIVE;
				GCC_WARN_UNUSED_FUNCTION = YES;
				GCC_WARN_UNUSED_VARIABLE = YES;
				IPHONEOS_DEPLOYMENT_TARGET = 13.0;
				MTL_ENABLE_DEBUG_INFO = INCLUDE_SOURCE;
				MTL_FAST_MATH = YES;
				ONLY_ACTIVE_ARCH = YES;
				SDKROOT = iphoneos;
				SWIFT_ACTIVE_COMPILATION_CONDITIONS = DEBUG;
				SWIFT_OPTIMIZATION_LEVEL = "-Onone";
			};
			name = Debug;
		};
		D050F3F9234DBDD7005F2D48 /* Release */ = {
			isa = XCBuildConfiguration;
			buildSettings = {
				ALWAYS_SEARCH_USER_PATHS = NO;
				CLANG_ANALYZER_NONNULL = YES;
				CLANG_ANALYZER_NUMBER_OBJECT_CONVERSION = YES_AGGRESSIVE;
				CLANG_CXX_LANGUAGE_STANDARD = "gnu++14";
				CLANG_CXX_LIBRARY = "libc++";
				CLANG_ENABLE_MODULES = YES;
				CLANG_ENABLE_OBJC_ARC = YES;
				CLANG_ENABLE_OBJC_WEAK = YES;
				CLANG_WARN_BLOCK_CAPTURE_AUTORELEASING = YES;
				CLANG_WARN_BOOL_CONVERSION = YES;
				CLANG_WARN_COMMA = YES;
				CLANG_WARN_CONSTANT_CONVERSION = YES;
				CLANG_WARN_DEPRECATED_OBJC_IMPLEMENTATIONS = YES;
				CLANG_WARN_DIRECT_OBJC_ISA_USAGE = YES_ERROR;
				CLANG_WARN_DOCUMENTATION_COMMENTS = YES;
				CLANG_WARN_EMPTY_BODY = YES;
				CLANG_WARN_ENUM_CONVERSION = YES;
				CLANG_WARN_INFINITE_RECURSION = YES;
				CLANG_WARN_INT_CONVERSION = YES;
				CLANG_WARN_NON_LITERAL_NULL_CONVERSION = YES;
				CLANG_WARN_OBJC_IMPLICIT_RETAIN_SELF = YES;
				CLANG_WARN_OBJC_LITERAL_CONVERSION = YES;
				CLANG_WARN_OBJC_ROOT_CLASS = YES_ERROR;
				CLANG_WARN_RANGE_LOOP_ANALYSIS = YES;
				CLANG_WARN_STRICT_PROTOTYPES = YES;
				CLANG_WARN_SUSPICIOUS_MOVE = YES;
				CLANG_WARN_UNGUARDED_AVAILABILITY = YES_AGGRESSIVE;
				CLANG_WARN_UNREACHABLE_CODE = YES;
				CLANG_WARN__DUPLICATE_METHOD_MATCH = YES;
				COPY_PHASE_STRIP = NO;
				DEBUG_INFORMATION_FORMAT = "dwarf-with-dsym";
				ENABLE_NS_ASSERTIONS = NO;
				ENABLE_STRICT_OBJC_MSGSEND = YES;
				GCC_C_LANGUAGE_STANDARD = gnu11;
				GCC_NO_COMMON_BLOCKS = YES;
				GCC_WARN_64_TO_32_BIT_CONVERSION = YES;
				GCC_WARN_ABOUT_RETURN_TYPE = YES_ERROR;
				GCC_WARN_UNDECLARED_SELECTOR = YES;
				GCC_WARN_UNINITIALIZED_AUTOS = YES_AGGRESSIVE;
				GCC_WARN_UNUSED_FUNCTION = YES;
				GCC_WARN_UNUSED_VARIABLE = YES;
				IPHONEOS_DEPLOYMENT_TARGET = 13.0;
				MTL_ENABLE_DEBUG_INFO = NO;
				MTL_FAST_MATH = YES;
				SDKROOT = iphoneos;
				SWIFT_COMPILATION_MODE = wholemodule;
				SWIFT_OPTIMIZATION_LEVEL = "-O";
				VALIDATE_PRODUCT = YES;
			};
			name = Release;
		};
		D050F3FB234DBDD7005F2D48 /* Debug */ = {
			isa = XCBuildConfiguration;
			buildSettings = {
				ASSETCATALOG_COMPILER_APPICON_NAME = AppIcon;
				CODE_SIGN_STYLE = Automatic;
				DEVELOPMENT_ASSET_PATHS = "\"WeSplit/Preview Content\"";
				DEVELOPMENT_TEAM = 89992W8CJ7;
				ENABLE_PREVIEWS = YES;
				INFOPLIST_FILE = WeSplit/Info.plist;
				LD_RUNPATH_SEARCH_PATHS = (
					"$(inherited)",
					"@executable_path/Frameworks",
				);
				PRODUCT_BUNDLE_IDENTIFIER = "peter-peter-barclay.com.WeSplit";
				PRODUCT_NAME = "$(TARGET_NAME)";
				SWIFT_VERSION = 5.0;
				TARGETED_DEVICE_FAMILY = "1,2";
			};
			name = Debug;
		};
		D050F3FC234DBDD7005F2D48 /* Release */ = {
			isa = XCBuildConfiguration;
			buildSettings = {
				ASSETCATALOG_COMPILER_APPICON_NAME = AppIcon;
				CODE_SIGN_STYLE = Automatic;
				DEVELOPMENT_ASSET_PATHS = "\"WeSplit/Preview Content\"";
				DEVELOPMENT_TEAM = 89992W8CJ7;
				ENABLE_PREVIEWS = YES;
				INFOPLIST_FILE = WeSplit/Info.plist;
				LD_RUNPATH_SEARCH_PATHS = (
					"$(inherited)",
					"@executable_path/Frameworks",
				);
				PRODUCT_BUNDLE_IDENTIFIER = "peter-peter-barclay.com.WeSplit";
				PRODUCT_NAME = "$(TARGET_NAME)";
				SWIFT_VERSION = 5.0;
				TARGETED_DEVICE_FAMILY = "1,2";
			};
			name = Release;
		};
		D050F3FE234DBDD7005F2D48 /* Debug */ = {
			isa = XCBuildConfiguration;
			buildSettings = {
				ALWAYS_EMBED_SWIFT_STANDARD_LIBRARIES = YES;
				BUNDLE_LOADER = "$(TEST_HOST)";
				CODE_SIGN_STYLE = Automatic;
				DEVELOPMENT_TEAM = 89992W8CJ7;
				INFOPLIST_FILE = WeSplitTests/Info.plist;
				IPHONEOS_DEPLOYMENT_TARGET = 13.0;
				LD_RUNPATH_SEARCH_PATHS = (
					"$(inherited)",
					"@executable_path/Frameworks",
					"@loader_path/Frameworks",
				);
				PRODUCT_BUNDLE_IDENTIFIER = "peter-peter-barclay.com.WeSplitTests";
				PRODUCT_NAME = "$(TARGET_NAME)";
				SWIFT_VERSION = 5.0;
				TARGETED_DEVICE_FAMILY = "1,2";
				TEST_HOST = "$(BUILT_PRODUCTS_DIR)/WeSplit.app/WeSplit";
			};
			name = Debug;
		};
		D050F3FF234DBDD7005F2D48 /* Release */ = {
			isa = XCBuildConfiguration;
			buildSettings = {
				ALWAYS_EMBED_SWIFT_STANDARD_LIBRARIES = YES;
				BUNDLE_LOADER = "$(TEST_HOST)";
				CODE_SIGN_STYLE = Automatic;
				DEVELOPMENT_TEAM = 89992W8CJ7;
				INFOPLIST_FILE = WeSplitTests/Info.plist;
				IPHONEOS_DEPLOYMENT_TARGET = 13.0;
				LD_RUNPATH_SEARCH_PATHS = (
					"$(inherited)",
					"@executable_path/Frameworks",
					"@loader_path/Frameworks",
				);
				PRODUCT_BUNDLE_IDENTIFIER = "peter-peter-barclay.com.WeSplitTests";
				PRODUCT_NAME = "$(TARGET_NAME)";
				SWIFT_VERSION = 5.0;
				TARGETED_DEVICE_FAMILY = "1,2";
				TEST_HOST = "$(BUILT_PRODUCTS_DIR)/WeSplit.app/WeSplit";
			};
			name = Release;
		};
/* End XCBuildConfiguration section */

/* Begin XCConfigurationList section */
		D050F3D6234DBDD5005F2D48 /* Build configuration list for PBXProject "WeSplit" */ = {
			isa = XCConfigurationList;
			buildConfigurations = (
				D050F3F8234DBDD7005F2D48 /* Debug */,
				D050F3F9234DBDD7005F2D48 /* Release */,
			);
			defaultConfigurationIsVisible = 0;
			defaultConfigurationName = Release;
		};
		D050F3FA234DBDD7005F2D48 /* Build configuration list for PBXNativeTarget "WeSplit" */ = {
			isa = XCConfigurationList;
			buildConfigurations = (
				D050F3FB234DBDD7005F2D48 /* Debug */,
				D050F3FC234DBDD7005F2D48 /* Release */,
			);
			defaultConfigurationIsVisible = 0;
			defaultConfigurationName = Release;
		};
		D050F3FD234DBDD7005F2D48 /* Build configuration list for PBXNativeTarget "WeSplitTests" */ = {
			isa = XCConfigurationList;
			buildConfigurations = (
				D050F3FE234DBDD7005F2D48 /* Debug */,
				D050F3FF234DBDD7005F2D48 /* Release */,
			);
			defaultConfigurationIsVisible = 0;
			defaultConfigurationName = Release;
		};
/* End XCConfigurationList section */
	};
	rootObject = D050F3D3234DBDD5005F2D48 /* Project object */;
}
